
Microsoft Visual Studio Solution File, Format Version 12.00
# Visual Studio Version 17
VisualStudioVersion = 17.10.35027.167
MinimumVisualStudioVersion = 10.0.40219.1
Project("{FAE04EC0-301F-11D3-BF4B-00C04F79EFBC}") = "umDainn", "umDainn\umDainn.csproj", "{0FA1F02D-6F0F-45A7-9382-364CAF0C97EE}"
EndProject
Global
	GlobalSection(SolutionConfigurationPlatforms) = preSolution
		Debug|Any CPU = Debug|Any CPU
		Release|Any CPU = Release|Any CPU
	EndGlobalSection
	GlobalSection(ProjectConfigurationPlatforms) = postSolution
		{0FA1F02D-6F0F-45A7-9382-364CAF0C97EE}.Debug|Any CPU.ActiveCfg = Debug|Any CPU
		{0FA1F02D-6F0F-45A7-9382-364CAF0C97EE}.Debug|Any CPU.Build.0 = Debug|Any CPU
		{0FA1F02D-6F0F-45A7-9382-364CAF0C97EE}.Release|Any CPU.ActiveCfg = Release|Any CPU
		{0FA1F02D-6F0F-45A7-9382-364CAF0C97EE}.Release|Any CPU.Build.0 = Release|Any CPU
	EndGlobalSection
	GlobalSection(SolutionProperties) = preSolution
		HideSolutionNode = FALSE
	EndGlobalSection
	GlobalSection(ExtensibilityGlobals) = postSolution
		SolutionGuid = {C111ED33-393C-42B5-8DC2-7719CFC0ED36}
	EndGlobalSection
EndGlobal
